
Microsoft Visual Studio Solution File, Format Version 12.00
# Visual Studio Version 16
VisualStudioVersion = 16.0.30330.147
MinimumVisualStudioVersion = 10.0.40219.1
Project("{FAE04EC0-301F-11D3-BF4B-00C04F79EFBC}") = "NGUSaveConvert", "NGUSaveConvert\NGUSaveConvert.csproj", "{EAA0C0BC-CD99-43B0-9F61-40B7C9881843}"
EndProject
Global
	GlobalSection(SolutionConfigurationPlatforms) = preSolution
		Debug|Any CPU = Debug|Any CPU
		Release|Any CPU = Release|Any CPU
	EndGlobalSection
	GlobalSection(ProjectConfigurationPlatforms) = postSolution
		{EAA0C0BC-CD99-43B0-9F61-40B7C9881843}.Debug|Any CPU.ActiveCfg = Debug|Any CPU
		{EAA0C0BC-CD99-43B0-9F61-40B7C9881843}.Debug|Any CPU.Build.0 = Debug|Any CPU
		{EAA0C0BC-CD99-43B0-9F61-40B7C9881843}.Release|Any CPU.ActiveCfg = Release|Any CPU
		{EAA0C0BC-CD99-43B0-9F61-40B7C9881843}.Release|Any CPU.Build.0 = Release|Any CPU
	EndGlobalSection
	GlobalSection(SolutionProperties) = preSolution
		HideSolutionNode = FALSE
	EndGlobalSection
	GlobalSection(ExtensibilityGlobals) = postSolution
		SolutionGuid = {1E9C3B60-1572-475F-9D4E-40D5544F476C}
	EndGlobalSection
EndGlobal
